
Microsoft Visual Studio Solution File, Format Version 12.00
# Visual Studio Version 17
VisualStudioVersion = 17.1.32328.378
MinimumVisualStudioVersion = 10.0.40219.1
Project("{FAE04EC0-301F-11D3-BF4B-00C04F79EFBC}") = "ChatClient", "ChatClient\ChatClient.csproj", "{0C674802-A88A-48F2-B37E-C4833363B45B}"
EndProject
Global
	GlobalSection(SolutionConfigurationPlatforms) = preSolution
		Debug|Any CPU = Debug|Any CPU
		Release|Any CPU = Release|Any CPU
	EndGlobalSection
	GlobalSection(ProjectConfigurationPlatforms) = postSolution
		{0C674802-A88A-48F2-B37E-C4833363B45B}.Debug|Any CPU.ActiveCfg = Debug|Any CPU
		{0C674802-A88A-48F2-B37E-C4833363B45B}.Debug|Any CPU.Build.0 = Debug|Any CPU
		{0C674802-A88A-48F2-B37E-C4833363B45B}.Release|Any CPU.ActiveCfg = Release|Any CPU
		{0C674802-A88A-48F2-B37E-C4833363B45B}.Release|Any CPU.Build.0 = Release|Any CPU
	EndGlobalSection
	GlobalSection(SolutionProperties) = preSolution
		HideSolutionNode = FALSE
	EndGlobalSection
	GlobalSection(ExtensibilityGlobals) = postSolution
		SolutionGuid = {99826915-5151-4532-AF02-E6B59D3E8BFB}
	EndGlobalSection
EndGlobal
